
Microsoft Visual Studio Solution File, Format Version 12.00
# Visual Studio Version 16
VisualStudioVersion = 16.0.30907.101
MinimumVisualStudioVersion = 10.0.40219.1
Project("{8BC9CEB8-8B4A-11D0-8D11-00A0C91BC942}") = "arrayflip", "arrayflip\arrayflip.vcxproj", "{D95FF675-6484-4260-812A-5882422EE354}"
EndProject
Project("{8BC9CEB8-8B4A-11D0-8D11-00A0C91BC942}") = "arrayFlipGPU", "arrayFlipGPU\arrayFlipGPU.vcxproj", "{75BDBCA2-CF21-4D13-AB0A-EDD02E6F1CF1}"
EndProject
Project("{8BC9CEB8-8B4A-11D0-8D11-00A0C91BC942}") = "arrayFlipGPU2", "arrayFlipGPU2\arrayFlipGPU2.vcxproj", "{C0ABC27A-78E0-4CF5-B060-8C7F7469A9E3}"
EndProject
Project("{8BC9CEB8-8B4A-11D0-8D11-00A0C91BC942}") = "arrayFlip2", "arrayFlip2\arrayFlip2.vcxproj", "{E517F9C4-60C0-4985-85A4-F25298B3B3B6}"
EndProject
Global
	GlobalSection(SolutionConfigurationPlatforms) = preSolution
		Debug|x64 = Debug|x64
		Release|x64 = Release|x64
	EndGlobalSection
	GlobalSection(ProjectConfigurationPlatforms) = postSolution
		{D95FF675-6484-4260-812A-5882422EE354}.Debug|x64.ActiveCfg = Debug|x64
		{D95FF675-6484-4260-812A-5882422EE354}.Debug|x64.Build.0 = Debug|x64
		{D95FF675-6484-4260-812A-5882422EE354}.Release|x64.ActiveCfg = Release|x64
		{D95FF675-6484-4260-812A-5882422EE354}.Release|x64.Build.0 = Release|x64
		{75BDBCA2-CF21-4D13-AB0A-EDD02E6F1CF1}.Debug|x64.ActiveCfg = Debug|x64
		{75BDBCA2-CF21-4D13-AB0A-EDD02E6F1CF1}.Debug|x64.Build.0 = Debug|x64
		{75BDBCA2-CF21-4D13-AB0A-EDD02E6F1CF1}.Release|x64.ActiveCfg = Release|x64
		{75BDBCA2-CF21-4D13-AB0A-EDD02E6F1CF1}.Release|x64.Build.0 = Release|x64
		{C0ABC27A-78E0-4CF5-B060-8C7F7469A9E3}.Debug|x64.ActiveCfg = Debug|x64
		{C0ABC27A-78E0-4CF5-B060-8C7F7469A9E3}.Debug|x64.Build.0 = Debug|x64
		{C0ABC27A-78E0-4CF5-B060-8C7F7469A9E3}.Release|x64.ActiveCfg = Release|x64
		{C0ABC27A-78E0-4CF5-B060-8C7F7469A9E3}.Release|x64.Build.0 = Release|x64
		{E517F9C4-60C0-4985-85A4-F25298B3B3B6}.Debug|x64.ActiveCfg = Debug|x64
		{E517F9C4-60C0-4985-85A4-F25298B3B3B6}.Debug|x64.Build.0 = Debug|x64
		{E517F9C4-60C0-4985-85A4-F25298B3B3B6}.Release|x64.ActiveCfg = Release|x64
		{E517F9C4-60C0-4985-85A4-F25298B3B3B6}.Release|x64.Build.0 = Release|x64
	EndGlobalSection
	GlobalSection(SolutionProperties) = preSolution
		HideSolutionNode = FALSE
	EndGlobalSection
	GlobalSection(ExtensibilityGlobals) = postSolution
		SolutionGuid = {760639B9-DD6C-4A5C-9764-682C8D308F6A}
	EndGlobalSection
EndGlobal
